// !$*UTF8*$!
{
	archiveVersion = 1;
	classes = {
	};
	objectVersion = 77;
	objects = {

/* Begin PBXContainerItemProxy section */
		C2B88D212CA125590047ADF5 /* PBXContainerItemProxy */ = {
			isa = PBXContainerItemProxy;
			containerPortal = C2B88D022CA125570047ADF5 /* Project object */;
			proxyType = 1;
			remoteGlobalIDString = C2B88D092CA125570047ADF5;
			remoteInfo = StormViewr;
		};
		C2B88D2B2CA125590047ADF5 /* PBXContainerItemProxy */ = {
			isa = PBXContainerItemProxy;
			containerPortal = C2B88D022CA125570047ADF5 /* Project object */;
			proxyType = 1;
			remoteGlobalIDString = C2B88D092CA125570047ADF5;
			remoteInfo = StormViewr;
		};
/* End PBXContainerItemProxy section */

/* Begin PBXFileReference section */
		C2B88D0A2CA125570047ADF5 /* StormViewr.app */ = {isa = PBXFileReference; explicitFileType = wrapper.application; includeInIndex = 0; path = StormViewr.app; sourceTree = BUILT_PRODUCTS_DIR; };
		C2B88D202CA125590047ADF5 /* StormViewrTests.xctest */ = {isa = PBXFileReference; explicitFileType = wrapper.cfbundle; includeInIndex = 0; path = StormViewrTests.xctest; sourceTree = BUILT_PRODUCTS_DIR; };
		C2B88D2A2CA125590047ADF5 /* StormViewrUITests.xctest */ = {isa = PBXFileReference; explicitFileType = wrapper.cfbundle; includeInIndex = 0; path = StormViewrUITests.xctest; sourceTree = BUILT_PRODUCTS_DIR; };
/* End PBXFileReference section */

/* Begin PBXFileSystemSynchronizedBuildFileExceptionSet section */
		C2B88D322CA125590047ADF5 /* Exceptions for "StormViewr" folder in "StormViewr" target */ = {
			isa = PBXFileSystemSynchronizedBuildFileExceptionSet;
			membershipExceptions = (
				Info.plist,
			);
			target = C2B88D092CA125570047ADF5 /* StormViewr */;
		};
/* End PBXFileSystemSynchronizedBuildFileExceptionSet section */

/* Begin PBXFileSystemSynchronizedRootGroup section */
		C2B88D0C2CA125570047ADF5 /* StormViewr */ = {
			isa = PBXFileSystemSynchronizedRootGroup;
			exceptions = (
				C2B88D322CA125590047ADF5 /* Exceptions for "StormViewr" folder in "StormViewr" target */,
			);
			path = StormViewr;
			sourceTree = "<group>";
		};
		C2B88D232CA125590047ADF5 /* StormViewrTests */ = {
			isa = PBXFileSystemSynchronizedRootGroup;
			path = StormViewrTests;
			sourceTree = "<group>";
		};
		C2B88D2D2CA125590047ADF5 /* StormViewrUITests */ = {
			isa = PBXFileSystemSynchronizedRootGroup;
			path = StormViewrUITests;
			sourceTree = "<group>";
		};
/* End PBXFileSystemSynchronizedRootGroup section */

/* Begin PBXFrameworksBuildPhase section */
		C2B88D072CA125570047ADF5 /* Frameworks */ = {
			isa = PBXFrameworksBuildPhase;
			buildActionMask = 2147483647;
			files = (
			);
			runOnlyForDeploymentPostprocessing = 0;
		};
		C2B88D1D2CA125590047ADF5 /* Frameworks */ = {
			isa = PBXFrameworksBuildPhase;
			buildActionMask = 2147483647;
			files = (
			);
			runOnlyForDeploymentPostprocessing = 0;
		};
		C2B88D272CA125590047ADF5 /* Frameworks */ = {
			isa = PBXFrameworksBuildPhase;
			buildActionMask = 2147483647;
			files = (
			);
			runOnlyForDeploymentPostprocessing = 0;
		};
/* End PBXFrameworksBuildPhase section */

/* Begin PBXGroup section */
		C2B88D012CA125570047ADF5 = {
			isa = PBXGroup;
			children = (
				C2B88D0C2CA125570047ADF5 /* StormViewr */,
				C2B88D232CA125590047ADF5 /* StormViewrTests */,
				C2B88D2D2CA125590047ADF5 /* StormViewrUITests */,
				C2B88D0B2CA125570047ADF5 /* Products */,
			);
			sourceTree = "<group>";
		};
		C2B88D0B2CA125570047ADF5 /* Products */ = {
			isa = PBXGroup;
			children = (
				C2B88D0A2CA125570047ADF5 /* StormViewr.app */,
				C2B88D202CA125590047ADF5 /* StormViewrTests.xctest */,
				C2B88D2A2CA125590047ADF5 /* StormViewrUITests.xctest */,
			);
			name = Products;
			sourceTree = "<group>";
		};
/* End PBXGroup section */

/* Begin PBXNativeTarget section */
		C2B88D092CA125570047ADF5 /* StormViewr */ = {
			isa = PBXNativeTarget;
			buildConfigurationList = C2B88D332CA125590047ADF5 /* Build configuration list for PBXNativeTarget "StormViewr" */;
			buildPhases = (
				C2B88D062CA125570047ADF5 /* Sources */,
				C2B88D072CA125570047ADF5 /* Frameworks */,
				C2B88D082CA125570047ADF5 /* Resources */,
			);
			buildRules = (
			);
			dependencies = (
			);
			fileSystemSynchronizedGroups = (
				C2B88D0C2CA125570047ADF5 /* StormViewr */,
			);
			name = StormViewr;
			packageProductDependencies = (
			);
			productName = StormViewr;
			productReference = C2B88D0A2CA125570047ADF5 /* StormViewr.app */;
			productType = "com.apple.product-type.application";
		};
		C2B88D1F2CA125590047ADF5 /* StormViewrTests */ = {
			isa = PBXNativeTarget;
			buildConfigurationList = C2B88D382CA125590047ADF5 /* Build configuration list for PBXNativeTarget "StormViewrTests" */;
			buildPhases = (
				C2B88D1C2CA125590047ADF5 /* Sources */,
				C2B88D1D2CA125590047ADF5 /* Frameworks */,
				C2B88D1E2CA125590047ADF5 /* Resources */,
			);
			buildRules = (
			);
			dependencies = (
				C2B88D222CA125590047ADF5 /* PBXTargetDependency */,
			);
			fileSystemSynchronizedGroups = (
				C2B88D232CA125590047ADF5 /* StormViewrTests */,
			);
			name = StormViewrTests;
			packageProductDependencies = (
			);
			productName = StormViewrTests;
			productReference = C2B88D202CA125590047ADF5 /* StormViewrTests.xctest */;
			productType = "com.apple.product-type.bundle.unit-test";
		};
		C2B88D292CA125590047ADF5 /* StormViewrUITests */ = {
			isa = PBXNativeTarget;
			buildConfigurationList = C2B88D3B2CA125590047ADF5 /* Build configuration list for PBXNativeTarget "StormViewrUITests" */;
			buildPhases = (
				C2B88D262CA125590047ADF5 /* Sources */,
				C2B88D272CA125590047ADF5 /* Frameworks */,
				C2B88D282CA125590047ADF5 /* Resources */,
			);
			buildRules = (
			);
			dependencies = (
				C2B88D2C2CA125590047ADF5 /* PBXTargetDependency */,
			);
			fileSystemSynchronizedGroups = (
				C2B88D2D2CA125590047ADF5 /* StormViewrUITests */,
			);
			name = StormViewrUITests;
			packageProductDependencies = (
			);
			productName = StormViewrUITests;
			productReference = C2B88D2A2CA125590047ADF5 /* StormViewrUITests.xctest */;
			productType = "com.apple.product-type.bundle.ui-testing";
		};
/* End PBXNativeTarget section */

/* Begin PBXProject section */
		C2B88D022CA125570047ADF5 /* Project object */ = {
			isa = PBXProject;
			attributes = {
				BuildIndependentTargetsInParallel = 1;
				LastSwiftUpdateCheck = 1600;
				LastUpgradeCheck = 1600;
				TargetAttributes = {
					C2B88D092CA125570047ADF5 = {
						CreatedOnToolsVersion = 16.0;
					};
					C2B88D1F2CA125590047ADF5 = {
						CreatedOnToolsVersion = 16.0;
						TestTargetID = C2B88D092CA125570047ADF5;
					};
					C2B88D292CA125590047ADF5 = {
						CreatedOnToolsVersion = 16.0;
						TestTargetID = C2B88D092CA125570047ADF5;
					};
				};
			};
			buildConfigurationList = C2B88D052CA125570047ADF5 /* Build configuration list for PBXProject "StormViewr" */;
			developmentRegion = en;
			hasScannedForEncodings = 0;
			knownRegions = (
				en,
				Base,
			);
			mainGroup = C2B88D012CA125570047ADF5;
			minimizedProjectReferenceProxies = 1;
			preferredProjectObjectVersion = 77;
			productRefGroup = C2B88D0B2CA125570047ADF5 /* Products */;
			projectDirPath = "";
			projectRoot = "";
			targets = (
				C2B88D092CA125570047ADF5 /* StormViewr */,
				C2B88D1F2CA125590047ADF5 /* StormViewrTests */,
				C2B88D292CA125590047ADF5 /* StormViewrUITests */,
			);
		};
/* End PBXProject section */

/* Begin PBXResourcesBuildPhase section */
		C2B88D082CA125570047ADF5 /* Resources */ = {
			isa = PBXResourcesBuildPhase;
			buildActionMask = 2147483647;
			files = (
			);
			runOnlyForDeploymentPostprocessing = 0;
		};
		C2B88D1E2CA125590047ADF5 /* Resources */ = {
			isa = PBXResourcesBuildPhase;
			buildActionMask = 2147483647;
			files = (
			);
			runOnlyForDeploymentPostprocessing = 0;
		};
		C2B88D282CA125590047ADF5 /* Resources */ = {
			isa = PBXResourcesBuildPhase;
			buildActionMask = 2147483647;
			files = (
			);
			runOnlyForDeploymentPostprocessing = 0;
		};
/* End PBXResourcesBuildPhase section */

/* Begin PBXSourcesBuildPhase section */
		C2B88D062CA125570047ADF5 /* Sources */ = {
			isa = PBXSourcesBuildPhase;
			buildActionMask = 2147483647;
			files = (
			);
			runOnlyForDeploymentPostprocessing = 0;
		};
		C2B88D1C2CA125590047ADF5 /* Sources */ = {
			isa = PBXSourcesBuildPhase;
			buildActionMask = 2147483647;
			files = (
			);
			runOnlyForDeploymentPostprocessing = 0;
		};
		C2B88D262CA125590047ADF5 /* Sources */ = {
			isa = PBXSourcesBuildPhase;
			buildActionMask = 2147483647;
			files = (
			);
			runOnlyForDeploymentPostprocessing = 0;
		};
/* End PBXSourcesBuildPhase section */

/* Begin PBXTargetDependency section */
		C2B88D222CA125590047ADF5 /* PBXTargetDependency */ = {
			isa = PBXTargetDependency;
			target = C2B88D092CA125570047ADF5 /* StormViewr */;
			targetProxy = C2B88D212CA125590047ADF5 /* PBXContainerItemProxy */;
		};
		C2B88D2C2CA125590047ADF5 /* PBXTargetDependency */ = {
			isa = PBXTargetDependency;
			target = C2B88D092CA125570047ADF5 /* StormViewr */;
			targetProxy = C2B88D2B2CA125590047ADF5 /* PBXContainerItemProxy */;
		};
/* End PBXTargetDependency section */

/* Begin XCBuildConfiguration section */
		C2B88D342CA125590047ADF5 /* Debug */ = {
			isa = XCBuildConfiguration;
			buildSettings = {
				ASSETCATALOG_COMPILER_APPICON_NAME = AppIcon;
				ASSETCATALOG_COMPILER_GLOBAL_ACCENT_COLOR_NAME = AccentColor;
				CODE_SIGN_STYLE = Automatic;
				CURRENT_PROJECT_VERSION = 1;
				DEVELOPMENT_TEAM = 3F7K3Z48QL;
				GENERATE_INFOPLIST_FILE = YES;
				INFOPLIST_FILE = StormViewr/Info.plist;
				INFOPLIST_KEY_UIApplicationSupportsIndirectInputEvents = YES;
				INFOPLIST_KEY_UILaunchStoryboardName = LaunchScreen;
				INFOPLIST_KEY_UIMainStoryboardFile = Main;
				INFOPLIST_KEY_UISupportedInterfaceOrientations_iPad = "UIInterfaceOrientationPortrait UIInterfaceOrientationPortraitUpsideDown UIInterfaceOrientationLandscapeLeft UIInterfaceOrientationLandscapeRight";
				INFOPLIST_KEY_UISupportedInterfaceOrientations_iPhone = "UIInterfaceOrientationPortrait UIInterfaceOrientationLandscapeLeft UIInterfaceOrientationLandscapeRight";
				LD_RUNPATH_SEARCH_PATHS = (
					"$(inherited)",
					"@executable_path/Frameworks",
				);
				MARKETING_VERSION = 1.0;
				PRODUCT_BUNDLE_IDENTIFIER = com.justmonz.StormViewr;
				PRODUCT_NAME = "$(TARGET_NAME)";
				SWIFT_EMIT_LOC_STRINGS = YES;
				SWIFT_VERSION = 5.0;
				TARGETED_DEVICE_FAMILY = "1,2";
			};
			name = Debug;
		};
		C2B88D352CA125590047ADF5 /* Release */ = {
			isa = XCBuildConfiguration;
			buildSettings = {
				ASSETCATALOG_COMPILER_APPICON_NAME = AppIcon;
				ASSETCATALOG_COMPILER_GLOBAL_ACCENT_COLOR_NAME = AccentColor;
				CODE_SIGN_STYLE = Automatic;
				CURRENT_PROJECT_VERSION = 1;
				DEVELOPMENT_TEAM = 3F7K3Z48QL;
				GENERATE_INFOPLIST_FILE = YES;
				INFOPLIST_FILE = StormViewr/Info.plist;
				INFOPLIST_KEY_UIApplicationSupportsIndirectInputEvents = YES;
				INFOPLIST_KEY_UILaunchStoryboardName = LaunchScreen;
				INFOPLIST_KEY_UIMainStoryboardFile = Main;
				INFOPLIST_KEY_UISupportedInterfaceOrientations_iPad = "UIInterfaceOrientationPortrait UIInterfaceOrientationPortraitUpsideDown UIInterfaceOrientationLandscapeLeft UIInterfaceOrientationLandscapeRight";
				INFOPLIST_KEY_UISupportedInterfaceOrientations_iPhone = "UIInterfaceOrientationPortrait UIInterfaceOrientationLandscapeLeft UIInterfaceOrientationLandscapeRight";
				LD_RUNPATH_SEARCH_PATHS = (
					"$(inherited)",
					"@executable_path/Frameworks",
				);
				MARKETING_VERSION = 1.0;
				PRODUCT_BUNDLE_IDENTIFIER = com.justmonz.StormViewr;
				PRODUCT_NAME = "$(TARGET_NAME)";
				SWIFT_EMIT_LOC_STRINGS = YES;
				SWIFT_VERSION = 5.0;
				TARGETED_DEVICE_FAMILY = "1,2";
			};
			name = Release;
		};
		C2B88D362CA125590047ADF5 /* Debug */ = {
			isa = XCBuildConfiguration;
			buildSettings = {
				ALWAYS_SEARCH_USER_PATHS = NO;
				ASSETCATALOG_COMPILER_GENERATE_SWIFT_ASSET_SYMBOL_EXTENSIONS = YES;
				CLANG_ANALYZER_NONNULL = YES;
				CLANG_ANALYZER_NUMBER_OBJECT_CONVERSION = YES_AGGRESSIVE;
				CLANG_CXX_LANGUAGE_STANDARD = "gnu++20";
				CLANG_ENABLE_MODULES = YES;
				CLANG_ENABLE_OBJC_ARC = YES;
				CLANG_ENABLE_OBJC_WEAK = YES;
				CLANG_WARN_BLOCK_CAPTURE_AUTORELEASING = YES;
				CLANG_WARN_BOOL_CONVERSION = YES;
				CLANG_WARN_COMMA = YES;
				CLANG_WARN_CONSTANT_CONVERSION = YES;
				CLANG_WARN_DEPRECATED_OBJC_IMPLEMENTATIONS = YES;
				CLANG_WARN_DIRECT_OBJC_ISA_USAGE = YES_ERROR;
				CLANG_WARN_DOCUMENTATION_COMMENTS = YES;
				CLANG_WARN_EMPTY_BODY = YES;
				CLANG_WARN_ENUM_CONVERSION = YES;
				CLANG_WARN_INFINITE_RECURSION = YES;
				CLANG_WARN_INT_CONVERSION = YES;
				CLANG_WARN_NON_LITERAL_NULL_CONVERSION = YES;
				CLANG_WARN_OBJC_IMPLICIT_RETAIN_SELF = YES;
				CLANG_WARN_OBJC_LITERAL_CONVERSION = YES;
				CLANG_WARN_OBJC_ROOT_CLASS = YES_ERROR;
				CLANG_WARN_QUOTED_INCLUDE_IN_FRAMEWORK_HEADER = YES;
				CLANG_WARN_RANGE_LOOP_ANALYSIS = YES;
				CLANG_WARN_STRICT_PROTOTYPES = YES;
				CLANG_WARN_SUSPICIOUS_MOVE = YES;
				CLANG_WARN_UNGUARDED_AVAILABILITY = YES_AGGRESSIVE;
				CLANG_WARN_UNREACHABLE_CODE = YES;
				CLANG_WARN__DUPLICATE_METHOD_MATCH = YES;
				COPY_PHASE_STRIP = NO;
				DEBUG_INFORMATION_FORMAT = dwarf;
				ENABLE_STRICT_OBJC_MSGSEND = YES;
				ENABLE_TESTABILITY = YES;
				ENABLE_USER_SCRIPT_SANDBOXING = YES;
				GCC_C_LANGUAGE_STANDARD = gnu17;
				GCC_DYNAMIC_NO_PIC = NO;
				GCC_NO_COMMON_BLOCKS = YES;
				GCC_OPTIMIZATION_LEVEL = 0;
				GCC_PREPROCESSOR_DEFINITIONS = (
					"DEBUG=1",
					"$(inherited)",
				);
				GCC_WARN_64_TO_32_BIT_CONVERSION = YES;
				GCC_WARN_ABOUT_RETURN_TYPE = YES_ERROR;
				GCC_WARN_UNDECLARED_SELECTOR = YES;
				GCC_WARN_UNINITIALIZED_AUTOS = YES_AGGRESSIVE;
				GCC_WARN_UNUSED_FUNCTION = YES;
				GCC_WARN_UNUSED_VARIABLE = YES;
				IPHONEOS_DEPLOYMENT_TARGET = 18.0;
				LOCALIZATION_PREFERS_STRING_CATALOGS = YES;
				MTL_ENABLE_DEBUG_INFO = INCLUDE_SOURCE;
				MTL_FAST_MATH = YES;
				ONLY_ACTIVE_ARCH = YES;
				SDKROOT = iphoneos;
				SWIFT_ACTIVE_COMPILATION_CONDITIONS = "DEBUG $(inherited)";
				SWIFT_OPTIMIZATION_LEVEL = "-Onone";
			};
			name = Debug;
		};
		C2B88D372CA125590047ADF5 /* Release */ = {
			isa = XCBuildConfiguration;
			buildSettings = {
				ALWAYS_SEARCH_USER_PATHS = NO;
				ASSETCATALOG_COMPILER_GENERATE_SWIFT_ASSET_SYMBOL_EXTENSIONS = YES;
				CLANG_ANALYZER_NONNULL = YES;
				CLANG_ANALYZER_NUMBER_OBJECT_CONVERSION = YES_AGGRESSIVE;
				CLANG_CXX_LANGUAGE_STANDARD = "gnu++20";
				CLANG_ENABLE_MODULES = YES;
				CLANG_ENABLE_OBJC_ARC = YES;
				CLANG_ENABLE_OBJC_WEAK = YES;
				CLANG_WARN_BLOCK_CAPTURE_AUTORELEASING = YES;
				CLANG_WARN_BOOL_CONVERSION = YES;
				CLANG_WARN_COMMA = YES;
				CLANG_WARN_CONSTANT_CONVERSION = YES;
				CLANG_WARN_DEPRECATED_OBJC_IMPLEMENTATIONS = YES;
				CLANG_WARN_DIRECT_OBJC_ISA_USAGE = YES_ERROR;
				CLANG_WARN_DOCUMENTATION_COMMENTS = YES;
				CLANG_WARN_EMPTY_BODY = YES;
				CLANG_WARN_ENUM_CONVERSION = YES;
				CLANG_WARN_INFINITE_RECURSION = YES;
				CLANG_WARN_INT_CONVERSION = YES;
				CLANG_WARN_NON_LITERAL_NULL_CONVERSION = YES;
				CLANG_WARN_OBJC_IMPLICIT_RETAIN_SELF = YES;
				CLANG_WARN_OBJC_LITERAL_CONVERSION = YES;
				CLANG_WARN_OBJC_ROOT_CLASS = YES_ERROR;
				CLANG_WARN_QUOTED_INCLUDE_IN_FRAMEWORK_HEADER = YES;
				CLANG_WARN_RANGE_LOOP_ANALYSIS = YES;
				CLANG_WARN_STRICT_PROTOTYPES = YES;
				CLANG_WARN_SUSPICIOUS_MOVE = YES;
				CLANG_WARN_UNGUARDED_AVAILABILITY = YES_AGGRESSIVE;
				CLANG_WARN_UNREACHABLE_CODE = YES;
				CLANG_WARN__DUPLICATE_METHOD_MATCH = YES;
				COPY_PHASE_STRIP = NO;
				DEBUG_INFORMATION_FORMAT = "dwarf-with-dsym";
				ENABLE_NS_ASSERTIONS = NO;
				ENABLE_STRICT_OBJC_MSGSEND = YES;
				ENABLE_USER_SCRIPT_SANDBOXING = YES;
				GCC_C_LANGUAGE_STANDARD = gnu17;
				GCC_NO_COMMON_BLOCKS = YES;
				GCC_WARN_64_TO_32_BIT_CONVERSION = YES;
				GCC_WARN_ABOUT_RETURN_TYPE = YES_ERROR;
				GCC_WARN_UNDECLARED_SELECTOR = YES;
				GCC_WARN_UNINITIALIZED_AUTOS = YES_AGGRESSIVE;
				GCC_WARN_UNUSED_FUNCTION = YES;
				GCC_WARN_UNUSED_VARIABLE = YES;
				IPHONEOS_DEPLOYMENT_TARGET = 18.0;
				LOCALIZATION_PREFERS_STRING_CATALOGS = YES;
				MTL_ENABLE_DEBUG_INFO = NO;
				MTL_FAST_MATH = YES;
				SDKROOT = iphoneos;
				SWIFT_COMPILATION_MODE = wholemodule;
				VALIDATE_PRODUCT = YES;
			};
			name = Release;
		};
		C2B88D392CA125590047ADF5 /* Debug */ = {
			isa = XCBuildConfiguration;
			buildSettings = {
				BUNDLE_LOADER = "$(TEST_HOST)";
				CODE_SIGN_STYLE = Automatic;
				CURRENT_PROJECT_VERSION = 1;
				DEVELOPMENT_TEAM = 3F7K3Z48QL;
				GENERATE_INFOPLIST_FILE = YES;
				IPHONEOS_DEPLOYMENT_TARGET = 18.0;
				MARKETING_VERSION = 1.0;
				PRODUCT_BUNDLE_IDENTIFIER = com.justmonz.StormViewrTests;
				PRODUCT_NAME = "$(TARGET_NAME)";
				SWIFT_EMIT_LOC_STRINGS = NO;
				SWIFT_VERSION = 5.0;
				TARGETED_DEVICE_FAMILY = "1,2";
				TEST_HOST = "$(BUILT_PRODUCTS_DIR)/StormViewr.app/$(BUNDLE_EXECUTABLE_FOLDER_PATH)/StormViewr";
			};
			name = Debug;
		};
		C2B88D3A2CA125590047ADF5 /* Release */ = {
			isa = XCBuildConfiguration;
			buildSettings = {
				BUNDLE_LOADER = "$(TEST_HOST)";
				CODE_SIGN_STYLE = Automatic;
				CURRENT_PROJECT_VERSION = 1;
				DEVELOPMENT_TEAM = 3F7K3Z48QL;
				GENERATE_INFOPLIST_FILE = YES;
				IPHONEOS_DEPLOYMENT_TARGET = 18.0;
				MARKETING_VERSION = 1.0;
				PRODUCT_BUNDLE_IDENTIFIER = com.justmonz.StormViewrTests;
				PRODUCT_NAME = "$(TARGET_NAME)";
				SWIFT_EMIT_LOC_STRINGS = NO;
				SWIFT_VERSION = 5.0;
				TARGETED_DEVICE_FAMILY = "1,2";
				TEST_HOST = "$(BUILT_PRODUCTS_DIR)/StormViewr.app/$(BUNDLE_EXECUTABLE_FOLDER_PATH)/StormViewr";
			};
			name = Release;
		};
		C2B88D3C2CA125590047ADF5 /* Debug */ = {
			isa = XCBuildConfiguration;
			buildSettings = {
				CODE_SIGN_STYLE = Automatic;
				CURRENT_PROJECT_VERSION = 1;
				DEVELOPMENT_TEAM = 3F7K3Z48QL;
				GENERATE_INFOPLIST_FILE = YES;
				MARKETING_VERSION = 1.0;
				PRODUCT_BUNDLE_IDENTIFIER = com.justmonz.StormViewrUITests;
				PRODUCT_NAME = "$(TARGET_NAME)";
				SWIFT_EMIT_LOC_STRINGS = NO;
				SWIFT_VERSION = 5.0;
				TARGETED_DEVICE_FAMILY = "1,2";
				TEST_TARGET_NAME = StormViewr;
			};
			name = Debug;
		};
		C2B88D3D2CA125590047ADF5 /* Release */ = {
			isa = XCBuildConfiguration;
			buildSettings = {
				CODE_SIGN_STYLE = Automatic;
				CURRENT_PROJECT_VERSION = 1;
				DEVELOPMENT_TEAM = 3F7K3Z48QL;
				GENERATE_INFOPLIST_FILE = YES;
				MARKETING_VERSION = 1.0;
				PRODUCT_BUNDLE_IDENTIFIER = com.justmonz.StormViewrUITests;
				PRODUCT_NAME = "$(TARGET_NAME)";
				SWIFT_EMIT_LOC_STRINGS = NO;
				SWIFT_VERSION = 5.0;
				TARGETED_DEVICE_FAMILY = "1,2";
				TEST_TARGET_NAME = StormViewr;
			};
			name = Release;
		};
/* End XCBuildConfiguration section */

/* Begin XCConfigurationList section */
		C2B88D052CA125570047ADF5 /* Build configuration list for PBXProject "StormViewr" */ = {
			isa = XCConfigurationList;
			buildConfigurations = (
				C2B88D362CA125590047ADF5 /* Debug */,
				C2B88D372CA125590047ADF5 /* Release */,
			);
			defaultConfigurationIsVisible = 0;
			defaultConfigurationName = Release;
		};
		C2B88D332CA125590047ADF5 /* Build configuration list for PBXNativeTarget "StormViewr" */ = {
			isa = XCConfigurationList;
			buildConfigurations = (
				C2B88D342CA125590047ADF5 /* Debug */,
				C2B88D352CA125590047ADF5 /* Release */,
			);
			defaultConfigurationIsVisible = 0;
			defaultConfigurationName = Release;
		};
		C2B88D382CA125590047ADF5 /* Build configuration list for PBXNativeTarget "StormViewrTests" */ = {
			isa = XCConfigurationList;
			buildConfigurations = (
				C2B88D392CA125590047ADF5 /* Debug */,
				C2B88D3A2CA125590047ADF5 /* Release */,
			);
			defaultConfigurationIsVisible = 0;
			defaultConfigurationName = Release;
		};
		C2B88D3B2CA125590047ADF5 /* Build configuration list for PBXNativeTarget "StormViewrUITests" */ = {
			isa = XCConfigurationList;
			buildConfigurations = (
				C2B88D3C2CA125590047ADF5 /* Debug */,
				C2B88D3D2CA125590047ADF5 /* Release */,
			);
			defaultConfigurationIsVisible = 0;
			defaultConfigurationName = Release;
		};
/* End XCConfigurationList section */
	};
	rootObject = C2B88D022CA125570047ADF5 /* Project object */;
}
